
Microsoft Visual Studio Solution File, Format Version 12.00
# Visual Studio Version 17
VisualStudioVersion = 17.4.33205.214
MinimumVisualStudioVersion = 10.0.40219.1
Project("{FAE04EC0-301F-11D3-BF4B-00C04F79EFBC}") = "AvukatMuvekkil", "AvukatMuvekkil\AvukatMuvekkil.csproj", "{F0A10C5C-14BF-40D0-9A82-7CA3E59B07D7}"
EndProject
Global
	GlobalSection(SolutionConfigurationPlatforms) = preSolution
		Debug|Any CPU = Debug|Any CPU
		Release|Any CPU = Release|Any CPU
	EndGlobalSection
	GlobalSection(ProjectConfigurationPlatforms) = postSolution
		{F0A10C5C-14BF-40D0-9A82-7CA3E59B07D7}.Debug|Any CPU.ActiveCfg = Debug|Any CPU
		{F0A10C5C-14BF-40D0-9A82-7CA3E59B07D7}.Debug|Any CPU.Build.0 = Debug|Any CPU
		{F0A10C5C-14BF-40D0-9A82-7CA3E59B07D7}.Release|Any CPU.ActiveCfg = Release|Any CPU
		{F0A10C5C-14BF-40D0-9A82-7CA3E59B07D7}.Release|Any CPU.Build.0 = Release|Any CPU
	EndGlobalSection
	GlobalSection(SolutionProperties) = preSolution
		HideSolutionNode = FALSE
	EndGlobalSection
	GlobalSection(ExtensibilityGlobals) = postSolution
		SolutionGuid = {418BC554-4A27-4EF6-A30C-A448DC26D567}
	EndGlobalSection
EndGlobal
